// !$*UTF8*$!
{
	archiveVersion = 1;
	classes = {
	};
	objectVersion = 55;
	objects = {

/* Begin PBXBuildFile section */
		191E88D82770DAD2007DBA23 /* Server.m in Sources */ = {isa = PBXBuildFile; fileRef = 191E88D72770DAD2007DBA23 /* Server.m */; };
		19295AF92770DE3400A25F89 /* Client.m in Sources */ = {isa = PBXBuildFile; fileRef = 19295AF82770DE3400A25F89 /* Client.m */; };
		19AC26A32770D97300931D5A /* main.m in Sources */ = {isa = PBXBuildFile; fileRef = 19AC26A22770D97300931D5A /* main.m */; };
		19AC26AE2770D98300931D5A /* main.m in Sources */ = {isa = PBXBuildFile; fileRef = 19AC26AD2770D98300931D5A /* main.m */; };
		507F16942771972200B5CD4F /* MachPortDemoAppApp.swift in Sources */ = {isa = PBXBuildFile; fileRef = 507F16932771972200B5CD4F /* MachPortDemoAppApp.swift */; };
		507F16962771972200B5CD4F /* ContentView.swift in Sources */ = {isa = PBXBuildFile; fileRef = 507F16952771972200B5CD4F /* ContentView.swift */; };
		507F16982771972300B5CD4F /* Assets.xcassets in Resources */ = {isa = PBXBuildFile; fileRef = 507F16972771972300B5CD4F /* Assets.xcassets */; };
		507F169B2771972300B5CD4F /* Preview Assets.xcassets in Resources */ = {isa = PBXBuildFile; fileRef = 507F169A2771972300B5CD4F /* Preview Assets.xcassets */; };
		507F16A1277199AF00B5CD4F /* Server.m in Sources */ = {isa = PBXBuildFile; fileRef = 191E88D72770DAD2007DBA23 /* Server.m */; };
/* End PBXBuildFile section */

/* Begin PBXCopyFilesBuildPhase section */
		19AC269E2770D97300931D5A /* CopyFiles */ = {
			isa = PBXCopyFilesBuildPhase;
			buildActionMask = 2147483647;
			dstPath = /usr/share/man/man1/;
			dstSubfolderSpec = 0;
			files = (
			);
			runOnlyForDeploymentPostprocessing = 1;
		};
		19AC26A92770D98300931D5A /* CopyFiles */ = {
			isa = PBXCopyFilesBuildPhase;
			buildActionMask = 2147483647;
			dstPath = /usr/share/man/man1/;
			dstSubfolderSpec = 0;
			files = (
			);
			runOnlyForDeploymentPostprocessing = 1;
		};
/* End PBXCopyFilesBuildPhase section */

/* Begin PBXFileReference section */
		191E88D62770DAD2007DBA23 /* Server.h */ = {isa = PBXFileReference; lastKnownFileType = sourcecode.c.h; path = Server.h; sourceTree = "<group>"; };
		191E88D72770DAD2007DBA23 /* Server.m */ = {isa = PBXFileReference; lastKnownFileType = sourcecode.c.objc; path = Server.m; sourceTree = "<group>"; };
		19295AF62770DC5600A25F89 /* Protocol.h */ = {isa = PBXFileReference; lastKnownFileType = sourcecode.c.h; path = Protocol.h; sourceTree = "<group>"; };
		19295AF72770DE3400A25F89 /* Client.h */ = {isa = PBXFileReference; lastKnownFileType = sourcecode.c.h; path = Client.h; sourceTree = "<group>"; };
		19295AF82770DE3400A25F89 /* Client.m */ = {isa = PBXFileReference; lastKnownFileType = sourcecode.c.objc; path = Client.m; sourceTree = "<group>"; };
		19AC26A02770D97300931D5A /* Server */ = {isa = PBXFileReference; explicitFileType = "compiled.mach-o.executable"; includeInIndex = 0; path = Server; sourceTree = BUILT_PRODUCTS_DIR; };
		19AC26A22770D97300931D5A /* main.m */ = {isa = PBXFileReference; lastKnownFileType = sourcecode.c.objc; path = main.m; sourceTree = "<group>"; };
		19AC26AB2770D98300931D5A /* Client */ = {isa = PBXFileReference; explicitFileType = "compiled.mach-o.executable"; includeInIndex = 0; path = Client; sourceTree = BUILT_PRODUCTS_DIR; };
		19AC26AD2770D98300931D5A /* main.m */ = {isa = PBXFileReference; lastKnownFileType = sourcecode.c.objc; path = main.m; sourceTree = "<group>"; };
		507F16912771972200B5CD4F /* MachPortDemoApp.app */ = {isa = PBXFileReference; explicitFileType = wrapper.application; includeInIndex = 0; path = MachPortDemoApp.app; sourceTree = BUILT_PRODUCTS_DIR; };
		507F16932771972200B5CD4F /* MachPortDemoAppApp.swift */ = {isa = PBXFileReference; lastKnownFileType = sourcecode.swift; path = MachPortDemoAppApp.swift; sourceTree = "<group>"; };
		507F16952771972200B5CD4F /* ContentView.swift */ = {isa = PBXFileReference; lastKnownFileType = sourcecode.swift; path = ContentView.swift; sourceTree = "<group>"; };
		507F16972771972300B5CD4F /* Assets.xcassets */ = {isa = PBXFileReference; lastKnownFileType = folder.assetcatalog; path = Assets.xcassets; sourceTree = "<group>"; };
		507F169A2771972300B5CD4F /* Preview Assets.xcassets */ = {isa = PBXFileReference; lastKnownFileType = folder.assetcatalog; path = "Preview Assets.xcassets"; sourceTree = "<group>"; };
		507F169C2771972300B5CD4F /* MachPortDemoApp.entitlements */ = {isa = PBXFileReference; lastKnownFileType = text.plist.entitlements; path = MachPortDemoApp.entitlements; sourceTree = "<group>"; };
		507F16A0277197DA00B5CD4F /* MachPortDemoApp-Bridging-Header.h */ = {isa = PBXFileReference; lastKnownFileType = sourcecode.c.h; path = "MachPortDemoApp-Bridging-Header.h"; sourceTree = "<group>"; };
/* End PBXFileReference section */

/* Begin PBXFrameworksBuildPhase section */
		19AC269D2770D97300931D5A /* Frameworks */ = {
			isa = PBXFrameworksBuildPhase;
			buildActionMask = 2147483647;
			files = (
			);
			runOnlyForDeploymentPostprocessing = 0;
		};
		19AC26A82770D98300931D5A /* Frameworks */ = {
			isa = PBXFrameworksBuildPhase;
			buildActionMask = 2147483647;
			files = (
			);
			runOnlyForDeploymentPostprocessing = 0;
		};
		507F168E2771972200B5CD4F /* Frameworks */ = {
			isa = PBXFrameworksBuildPhase;
			buildActionMask = 2147483647;
			files = (
			);
			runOnlyForDeploymentPostprocessing = 0;
		};
/* End PBXFrameworksBuildPhase section */

/* Begin PBXGroup section */
		19AC26892770D8FE00931D5A = {
			isa = PBXGroup;
			children = (
				19AC26942770D8FE00931D5A /* MachPortDemo */,
				507F16922771972200B5CD4F /* MachPortDemoApp */,
				19AC26932770D8FE00931D5A /* Products */,
			);
			sourceTree = "<group>";
		};
		19AC26932770D8FE00931D5A /* Products */ = {
			isa = PBXGroup;
			children = (
				19AC26A02770D97300931D5A /* Server */,
				19AC26AB2770D98300931D5A /* Client */,
				507F16912771972200B5CD4F /* MachPortDemoApp.app */,
			);
			name = Products;
			sourceTree = "<group>";
		};
		19AC26942770D8FE00931D5A /* MachPortDemo */ = {
			isa = PBXGroup;
			children = (
				19295AF62770DC5600A25F89 /* Protocol.h */,
				19AC26AC2770D98300931D5A /* Client */,
				19AC26A12770D97300931D5A /* Server */,
			);
			path = MachPortDemo;
			sourceTree = "<group>";
		};
		19AC26A12770D97300931D5A /* Server */ = {
			isa = PBXGroup;
			children = (
				19AC26A22770D97300931D5A /* main.m */,
				191E88D62770DAD2007DBA23 /* Server.h */,
				191E88D72770DAD2007DBA23 /* Server.m */,
			);
			path = Server;
			sourceTree = "<group>";
		};
		19AC26AC2770D98300931D5A /* Client */ = {
			isa = PBXGroup;
			children = (
				19AC26AD2770D98300931D5A /* main.m */,
				19295AF72770DE3400A25F89 /* Client.h */,
				19295AF82770DE3400A25F89 /* Client.m */,
			);
			path = Client;
			sourceTree = "<group>";
		};
		507F16922771972200B5CD4F /* MachPortDemoApp */ = {
			isa = PBXGroup;
			children = (
				507F16932771972200B5CD4F /* MachPortDemoAppApp.swift */,
				507F16952771972200B5CD4F /* ContentView.swift */,
				507F16972771972300B5CD4F /* Assets.xcassets */,
				507F169C2771972300B5CD4F /* MachPortDemoApp.entitlements */,
				507F16A0277197DA00B5CD4F /* MachPortDemoApp-Bridging-Header.h */,
				507F16992771972300B5CD4F /* Preview Content */,
			);
			path = MachPortDemoApp;
			sourceTree = "<group>";
		};
		507F16992771972300B5CD4F /* Preview Content */ = {
			isa = PBXGroup;
			children = (
				507F169A2771972300B5CD4F /* Preview Assets.xcassets */,
			);
			path = "Preview Content";
			sourceTree = "<group>";
		};
/* End PBXGroup section */

/* Begin PBXNativeTarget section */
		19AC269F2770D97300931D5A /* Server */ = {
			isa = PBXNativeTarget;
			buildConfigurationList = 19AC26A42770D97300931D5A /* Build configuration list for PBXNativeTarget "Server" */;
			buildPhases = (
				19AC269C2770D97300931D5A /* Sources */,
				19AC269D2770D97300931D5A /* Frameworks */,
				19AC269E2770D97300931D5A /* CopyFiles */,
			);
			buildRules = (
			);
			dependencies = (
			);
			name = Server;
			productName = Server;
			productReference = 19AC26A02770D97300931D5A /* Server */;
			productType = "com.apple.product-type.tool";
		};
		19AC26AA2770D98300931D5A /* Client */ = {
			isa = PBXNativeTarget;
			buildConfigurationList = 19AC26AF2770D98300931D5A /* Build configuration list for PBXNativeTarget "Client" */;
			buildPhases = (
				19AC26A72770D98300931D5A /* Sources */,
				19AC26A82770D98300931D5A /* Frameworks */,
				19AC26A92770D98300931D5A /* CopyFiles */,
			);
			buildRules = (
			);
			dependencies = (
			);
			name = Client;
			productName = Client;
			productReference = 19AC26AB2770D98300931D5A /* Client */;
			productType = "com.apple.product-type.tool";
		};
		507F16902771972200B5CD4F /* MachPortDemoApp */ = {
			isa = PBXNativeTarget;
			buildConfigurationList = 507F169F2771972300B5CD4F /* Build configuration list for PBXNativeTarget "MachPortDemoApp" */;
			buildPhases = (
				507F168D2771972200B5CD4F /* Sources */,
				507F168E2771972200B5CD4F /* Frameworks */,
				507F168F2771972200B5CD4F /* Resources */,
			);
			buildRules = (
			);
			dependencies = (
			);
			name = MachPortDemoApp;
			productName = MachPortDemoApp;
			productReference = 507F16912771972200B5CD4F /* MachPortDemoApp.app */;
			productType = "com.apple.product-type.application";
		};
/* End PBXNativeTarget section */

/* Begin PBXProject section */
		19AC268A2770D8FE00931D5A /* Project object */ = {
			isa = PBXProject;
			attributes = {
				BuildIndependentTargetsInParallel = 1;
				LastSwiftUpdateCheck = 1320;
				LastUpgradeCheck = 1300;
				TargetAttributes = {
					19AC269F2770D97300931D5A = {
						CreatedOnToolsVersion = 13.0;
					};
					19AC26AA2770D98300931D5A = {
						CreatedOnToolsVersion = 13.0;
					};
					507F16902771972200B5CD4F = {
						CreatedOnToolsVersion = 13.2.1;
					};
				};
			};
			buildConfigurationList = 19AC268D2770D8FE00931D5A /* Build configuration list for PBXProject "MachPortDemo" */;
			compatibilityVersion = "Xcode 13.0";
			developmentRegion = en;
			hasScannedForEncodings = 0;
			knownRegions = (
				en,
				Base,
			);
			mainGroup = 19AC26892770D8FE00931D5A;
			productRefGroup = 19AC26932770D8FE00931D5A /* Products */;
			projectDirPath = "";
			projectRoot = "";
			targets = (
				19AC269F2770D97300931D5A /* Server */,
				19AC26AA2770D98300931D5A /* Client */,
				507F16902771972200B5CD4F /* MachPortDemoApp */,
			);
		};
/* End PBXProject section */

/* Begin PBXResourcesBuildPhase section */
		507F168F2771972200B5CD4F /* Resources */ = {
			isa = PBXResourcesBuildPhase;
			buildActionMask = 2147483647;
			files = (
				507F169B2771972300B5CD4F /* Preview Assets.xcassets in Resources */,
				507F16982771972300B5CD4F /* Assets.xcassets in Resources */,
			);
			runOnlyForDeploymentPostprocessing = 0;
		};
/* End PBXResourcesBuildPhase section */

/* Begin PBXSourcesBuildPhase section */
		19AC269C2770D97300931D5A /* Sources */ = {
			isa = PBXSourcesBuildPhase;
			buildActionMask = 2147483647;
			files = (
				191E88D82770DAD2007DBA23 /* Server.m in Sources */,
				19AC26A32770D97300931D5A /* main.m in Sources */,
			);
			runOnlyForDeploymentPostprocessing = 0;
		};
		19AC26A72770D98300931D5A /* Sources */ = {
			isa = PBXSourcesBuildPhase;
			buildActionMask = 2147483647;
			files = (
				19295AF92770DE3400A25F89 /* Client.m in Sources */,
				19AC26AE2770D98300931D5A /* main.m in Sources */,
			);
			runOnlyForDeploymentPostprocessing = 0;
		};
		507F168D2771972200B5CD4F /* Sources */ = {
			isa = PBXSourcesBuildPhase;
			buildActionMask = 2147483647;
			files = (
				507F16A1277199AF00B5CD4F /* Server.m in Sources */,
				507F16962771972200B5CD4F /* ContentView.swift in Sources */,
				507F16942771972200B5CD4F /* MachPortDemoAppApp.swift in Sources */,
			);
			runOnlyForDeploymentPostprocessing = 0;
		};
/* End PBXSourcesBuildPhase section */

/* Begin XCBuildConfiguration section */
		19AC26972770D8FE00931D5A /* Debug */ = {
			isa = XCBuildConfiguration;
			buildSettings = {
				ALWAYS_SEARCH_USER_PATHS = NO;
				CLANG_ANALYZER_NONNULL = YES;
				CLANG_ANALYZER_NUMBER_OBJECT_CONVERSION = YES_AGGRESSIVE;
				CLANG_CXX_LANGUAGE_STANDARD = "gnu++17";
				CLANG_CXX_LIBRARY = "libc++";
				CLANG_ENABLE_MODULES = YES;
				CLANG_ENABLE_OBJC_ARC = YES;
				CLANG_ENABLE_OBJC_WEAK = YES;
				CLANG_WARN_BLOCK_CAPTURE_AUTORELEASING = YES;
				CLANG_WARN_BOOL_CONVERSION = YES;
				CLANG_WARN_COMMA = YES;
				CLANG_WARN_CONSTANT_CONVERSION = YES;
				CLANG_WARN_DEPRECATED_OBJC_IMPLEMENTATIONS = YES;
				CLANG_WARN_DIRECT_OBJC_ISA_USAGE = YES_ERROR;
				CLANG_WARN_DOCUMENTATION_COMMENTS = YES;
				CLANG_WARN_EMPTY_BODY = YES;
				CLANG_WARN_ENUM_CONVERSION = YES;
				CLANG_WARN_INFINITE_RECURSION = YES;
				CLANG_WARN_INT_CONVERSION = YES;
				CLANG_WARN_NON_LITERAL_NULL_CONVERSION = YES;
				CLANG_WARN_OBJC_IMPLICIT_RETAIN_SELF = YES;
				CLANG_WARN_OBJC_LITERAL_CONVERSION = YES;
				CLANG_WARN_OBJC_ROOT_CLASS = YES_ERROR;
				CLANG_WARN_QUOTED_INCLUDE_IN_FRAMEWORK_HEADER = YES;
				CLANG_WARN_RANGE_LOOP_ANALYSIS = YES;
				CLANG_WARN_STRICT_PROTOTYPES = YES;
				CLANG_WARN_SUSPICIOUS_MOVE = YES;
				CLANG_WARN_UNGUARDED_AVAILABILITY = YES_AGGRESSIVE;
				CLANG_WARN_UNREACHABLE_CODE = YES;
				CLANG_WARN__DUPLICATE_METHOD_MATCH = YES;
				COPY_PHASE_STRIP = NO;
				DEBUG_INFORMATION_FORMAT = dwarf;
				ENABLE_STRICT_OBJC_MSGSEND = YES;
				ENABLE_TESTABILITY = YES;
				GCC_C_LANGUAGE_STANDARD = gnu11;
				GCC_DYNAMIC_NO_PIC = NO;
				GCC_NO_COMMON_BLOCKS = YES;
				GCC_OPTIMIZATION_LEVEL = 0;
				GCC_PREPROCESSOR_DEFINITIONS = (
					"DEBUG=1",
					"$(inherited)",
				);
				GCC_WARN_64_TO_32_BIT_CONVERSION = YES;
				GCC_WARN_ABOUT_RETURN_TYPE = YES_ERROR;
				GCC_WARN_UNDECLARED_SELECTOR = YES;
				GCC_WARN_UNINITIALIZED_AUTOS = YES_AGGRESSIVE;
				GCC_WARN_UNUSED_FUNCTION = YES;
				GCC_WARN_UNUSED_VARIABLE = YES;
				MACOSX_DEPLOYMENT_TARGET = 11.3;
				MTL_ENABLE_DEBUG_INFO = INCLUDE_SOURCE;
				MTL_FAST_MATH = YES;
				ONLY_ACTIVE_ARCH = YES;
				SDKROOT = macosx;
			};
			name = Debug;
		};
		19AC26982770D8FE00931D5A /* Release */ = {
			isa = XCBuildConfiguration;
			buildSettings = {
				ALWAYS_SEARCH_USER_PATHS = NO;
				CLANG_ANALYZER_NONNULL = YES;
				CLANG_ANALYZER_NUMBER_OBJECT_CONVERSION = YES_AGGRESSIVE;
				CLANG_CXX_LANGUAGE_STANDARD = "gnu++17";
				CLANG_CXX_LIBRARY = "libc++";
				CLANG_ENABLE_MODULES = YES;
				CLANG_ENABLE_OBJC_ARC = YES;
				CLANG_ENABLE_OBJC_WEAK = YES;
				CLANG_WARN_BLOCK_CAPTURE_AUTORELEASING = YES;
				CLANG_WARN_BOOL_CONVERSION = YES;
				CLANG_WARN_COMMA = YES;
				CLANG_WARN_CONSTANT_CONVERSION = YES;
				CLANG_WARN_DEPRECATED_OBJC_IMPLEMENTATIONS = YES;
				CLANG_WARN_DIRECT_OBJC_ISA_USAGE = YES_ERROR;
				CLANG_WARN_DOCUMENTATION_COMMENTS = YES;
				CLANG_WARN_EMPTY_BODY = YES;
				CLANG_WARN_ENUM_CONVERSION = YES;
				CLANG_WARN_INFINITE_RECURSION = YES;
				CLANG_WARN_INT_CONVERSION = YES;
				CLANG_WARN_NON_LITERAL_NULL_CONVERSION = YES;
				CLANG_WARN_OBJC_IMPLICIT_RETAIN_SELF = YES;
				CLANG_WARN_OBJC_LITERAL_CONVERSION = YES;
				CLANG_WARN_OBJC_ROOT_CLASS = YES_ERROR;
				CLANG_WARN_QUOTED_INCLUDE_IN_FRAMEWORK_HEADER = YES;
				CLANG_WARN_RANGE_LOOP_ANALYSIS = YES;
				CLANG_WARN_STRICT_PROTOTYPES = YES;
				CLANG_WARN_SUSPICIOUS_MOVE = YES;
				CLANG_WARN_UNGUARDED_AVAILABILITY = YES_AGGRESSIVE;
				CLANG_WARN_UNREACHABLE_CODE = YES;
				CLANG_WARN__DUPLICATE_METHOD_MATCH = YES;
				COPY_PHASE_STRIP = NO;
				DEBUG_INFORMATION_FORMAT = "dwarf-with-dsym";
				ENABLE_NS_ASSERTIONS = NO;
				ENABLE_STRICT_OBJC_MSGSEND = YES;
				GCC_C_LANGUAGE_STANDARD = gnu11;
				GCC_NO_COMMON_BLOCKS = YES;
				GCC_WARN_64_TO_32_BIT_CONVERSION = YES;
				GCC_WARN_ABOUT_RETURN_TYPE = YES_ERROR;
				GCC_WARN_UNDECLARED_SELECTOR = YES;
				GCC_WARN_UNINITIALIZED_AUTOS = YES_AGGRESSIVE;
				GCC_WARN_UNUSED_FUNCTION = YES;
				GCC_WARN_UNUSED_VARIABLE = YES;
				MACOSX_DEPLOYMENT_TARGET = 11.3;
				MTL_ENABLE_DEBUG_INFO = NO;
				MTL_FAST_MATH = YES;
				SDKROOT = macosx;
			};
			name = Release;
		};
		19AC26A52770D97300931D5A /* Debug */ = {
			isa = XCBuildConfiguration;
			buildSettings = {
				CODE_SIGN_STYLE = Automatic;
				PRODUCT_NAME = "$(TARGET_NAME)";
			};
			name = Debug;
		};
		19AC26A62770D97300931D5A /* Release */ = {
			isa = XCBuildConfiguration;
			buildSettings = {
				CODE_SIGN_STYLE = Automatic;
				PRODUCT_NAME = "$(TARGET_NAME)";
			};
			name = Release;
		};
		19AC26B02770D98300931D5A /* Debug */ = {
			isa = XCBuildConfiguration;
			buildSettings = {
				CODE_SIGN_STYLE = Automatic;
				PRODUCT_NAME = "$(TARGET_NAME)";
			};
			name = Debug;
		};
		19AC26B12770D98300931D5A /* Release */ = {
			isa = XCBuildConfiguration;
			buildSettings = {
				CODE_SIGN_STYLE = Automatic;
				PRODUCT_NAME = "$(TARGET_NAME)";
			};
			name = Release;
		};
		507F169D2771972300B5CD4F /* Debug */ = {
			isa = XCBuildConfiguration;
			buildSettings = {
				ASSETCATALOG_COMPILER_APPICON_NAME = AppIcon;
				ASSETCATALOG_COMPILER_GLOBAL_ACCENT_COLOR_NAME = AccentColor;
				CODE_SIGN_ENTITLEMENTS = MachPortDemoApp/MachPortDemoApp.entitlements;
				CODE_SIGN_STYLE = Automatic;
				COMBINE_HIDPI_IMAGES = YES;
				CURRENT_PROJECT_VERSION = 1;
				DEVELOPMENT_ASSET_PATHS = "\"MachPortDemoApp/Preview Content\"";
				DEVELOPMENT_TEAM = "";
				ENABLE_HARDENED_RUNTIME = YES;
				ENABLE_PREVIEWS = YES;
				GENERATE_INFOPLIST_FILE = YES;
				INFOPLIST_KEY_NSHumanReadableCopyright = "";
				LD_RUNPATH_SEARCH_PATHS = (
					"$(inherited)",
					"@executable_path/../Frameworks",
				);
				MACOSX_DEPLOYMENT_TARGET = 11.4;
				MARKETING_VERSION = 1.0;
				PRODUCT_BUNDLE_IDENTIFIER = net.daybysay.machportserver;
				PRODUCT_NAME = "$(TARGET_NAME)";
				SWIFT_ACTIVE_COMPILATION_CONDITIONS = DEBUG;
				SWIFT_EMIT_LOC_STRINGS = YES;
				SWIFT_OBJC_BRIDGING_HEADER = "MachPortDemoApp/MachPortDemoApp-Bridging-Header.h";
				SWIFT_OPTIMIZATION_LEVEL = "-Onone";
				SWIFT_VERSION = 5.0;
			};
			name = Debug;
		};
		507F169E2771972300B5CD4F /* Release */ = {
			isa = XCBuildConfiguration;
			buildSettings = {
				ASSETCATALOG_COMPILER_APPICON_NAME = AppIcon;
				ASSETCATALOG_COMPILER_GLOBAL_ACCENT_COLOR_NAME = AccentColor;
				CODE_SIGN_ENTITLEMENTS = MachPortDemoApp/MachPortDemoApp.entitlements;
				CODE_SIGN_STYLE = Automatic;
				COMBINE_HIDPI_IMAGES = YES;
				CURRENT_PROJECT_VERSION = 1;
				DEVELOPMENT_ASSET_PATHS = "\"MachPortDemoApp/Preview Content\"";
				DEVELOPMENT_TEAM = "";
				ENABLE_HARDENED_RUNTIME = YES;
				ENABLE_PREVIEWS = YES;
				GENERATE_INFOPLIST_FILE = YES;
				INFOPLIST_KEY_NSHumanReadableCopyright = "";
				LD_RUNPATH_SEARCH_PATHS = (
					"$(inherited)",
					"@executable_path/../Frameworks",
				);
				MACOSX_DEPLOYMENT_TARGET = 11.4;
				MARKETING_VERSION = 1.0;
				PRODUCT_BUNDLE_IDENTIFIER = net.daybysay.machportserver;
				PRODUCT_NAME = "$(TARGET_NAME)";
				SWIFT_COMPILATION_MODE = wholemodule;
				SWIFT_EMIT_LOC_STRINGS = YES;
				SWIFT_OBJC_BRIDGING_HEADER = "MachPortDemoApp/MachPortDemoApp-Bridging-Header.h";
				SWIFT_OPTIMIZATION_LEVEL = "-O";
				SWIFT_VERSION = 5.0;
			};
			name = Release;
		};
/* End XCBuildConfiguration section */

/* Begin XCConfigurationList section */
		19AC268D2770D8FE00931D5A /* Build configuration list for PBXProject "MachPortDemo" */ = {
			isa = XCConfigurationList;
			buildConfigurations = (
				19AC26972770D8FE00931D5A /* Debug */,
				19AC26982770D8FE00931D5A /* Release */,
			);
			defaultConfigurationIsVisible = 0;
			defaultConfigurationName = Release;
		};
		19AC26A42770D97300931D5A /* Build configuration list for PBXNativeTarget "Server" */ = {
			isa = XCConfigurationList;
			buildConfigurations = (
				19AC26A52770D97300931D5A /* Debug */,
				19AC26A62770D97300931D5A /* Release */,
			);
			defaultConfigurationIsVisible = 0;
			defaultConfigurationName = Release;
		};
		19AC26AF2770D98300931D5A /* Build configuration list for PBXNativeTarget "Client" */ = {
			isa = XCConfigurationList;
			buildConfigurations = (
				19AC26B02770D98300931D5A /* Debug */,
				19AC26B12770D98300931D5A /* Release */,
			);
			defaultConfigurationIsVisible = 0;
			defaultConfigurationName = Release;
		};
		507F169F2771972300B5CD4F /* Build configuration list for PBXNativeTarget "MachPortDemoApp" */ = {
			isa = XCConfigurationList;
			buildConfigurations = (
				507F169D2771972300B5CD4F /* Debug */,
				507F169E2771972300B5CD4F /* Release */,
			);
			defaultConfigurationIsVisible = 0;
			defaultConfigurationName = Release;
		};
/* End XCConfigurationList section */
	};
	rootObject = 19AC268A2770D8FE00931D5A /* Project object */;
}
